
Microsoft Visual Studio Solution File, Format Version 12.00
# Visual Studio Version 16
VisualStudioVersion = 16.0.30413.136
MinimumVisualStudioVersion = 10.0.40219.1
Project("{8BC9CEB8-8B4A-11D0-8D11-00A0C91BC942}") = "src", "src\src.vcxproj", "{6DD3C02D-BDBE-4F6D-8C53-6BFF506C00C7}"
	ProjectSection(ProjectDependencies) = postProject
		{82E257E7-496F-42AF-86E0-7C3CDD1219FE} = {82E257E7-496F-42AF-86E0-7C3CDD1219FE}
	EndProjectSection
EndProject
Project("{8BC9CEB8-8B4A-11D0-8D11-00A0C91BC942}") = "UnitTest", "UnitTest\UnitTest.vcxproj", "{D4FEA16A-3DBA-4414-8E31-0FDC84E832AB}"
	ProjectSection(ProjectDependencies) = postProject
		{82E257E7-496F-42AF-86E0-7C3CDD1219FE} = {82E257E7-496F-42AF-86E0-7C3CDD1219FE}
	EndProjectSection
EndProject
Project("{8BC9CEB8-8B4A-11D0-8D11-00A0C91BC942}") = "StaticLib", "StaticLib\StaticLib.vcxproj", "{82E257E7-496F-42AF-86E0-7C3CDD1219FE}"
EndProject
Global
	GlobalSection(SolutionConfigurationPlatforms) = preSolution
		Debug|x64 = Debug|x64
		Debug|x86 = Debug|x86
		Release|x64 = Release|x64
		Release|x86 = Release|x86
	EndGlobalSection
	GlobalSection(ProjectConfigurationPlatforms) = postSolution
		{6DD3C02D-BDBE-4F6D-8C53-6BFF506C00C7}.Debug|x64.ActiveCfg = Debug|x64
		{6DD3C02D-BDBE-4F6D-8C53-6BFF506C00C7}.Debug|x64.Build.0 = Debug|x64
		{6DD3C02D-BDBE-4F6D-8C53-6BFF506C00C7}.Debug|x86.ActiveCfg = Debug|Win32
		{6DD3C02D-BDBE-4F6D-8C53-6BFF506C00C7}.Debug|x86.Build.0 = Debug|Win32
		{6DD3C02D-BDBE-4F6D-8C53-6BFF506C00C7}.Release|x64.ActiveCfg = Release|x64
		{6DD3C02D-BDBE-4F6D-8C53-6BFF506C00C7}.Release|x64.Build.0 = Release|x64
		{6DD3C02D-BDBE-4F6D-8C53-6BFF506C00C7}.Release|x86.ActiveCfg = Release|Win32
		{6DD3C02D-BDBE-4F6D-8C53-6BFF506C00C7}.Release|x86.Build.0 = Release|Win32
		{D4FEA16A-3DBA-4414-8E31-0FDC84E832AB}.Debug|x64.ActiveCfg = Debug|x64
		{D4FEA16A-3DBA-4414-8E31-0FDC84E832AB}.Debug|x64.Build.0 = Debug|x64
		{D4FEA16A-3DBA-4414-8E31-0FDC84E832AB}.Debug|x86.ActiveCfg = Debug|Win32
		{D4FEA16A-3DBA-4414-8E31-0FDC84E832AB}.Debug|x86.Build.0 = Debug|Win32
		{D4FEA16A-3DBA-4414-8E31-0FDC84E832AB}.Release|x64.ActiveCfg = Release|x64
		{D4FEA16A-3DBA-4414-8E31-0FDC84E832AB}.Release|x64.Build.0 = Release|x64
		{D4FEA16A-3DBA-4414-8E31-0FDC84E832AB}.Release|x86.ActiveCfg = Release|Win32
		{D4FEA16A-3DBA-4414-8E31-0FDC84E832AB}.Release|x86.Build.0 = Release|Win32
		{82E257E7-496F-42AF-86E0-7C3CDD1219FE}.Debug|x64.ActiveCfg = Debug|x64
		{82E257E7-496F-42AF-86E0-7C3CDD1219FE}.Debug|x64.Build.0 = Debug|x64
		{82E257E7-496F-42AF-86E0-7C3CDD1219FE}.Debug|x86.ActiveCfg = Debug|Win32
		{82E257E7-496F-42AF-86E0-7C3CDD1219FE}.Debug|x86.Build.0 = Debug|Win32
		{82E257E7-496F-42AF-86E0-7C3CDD1219FE}.Release|x64.ActiveCfg = Release|x64
		{82E257E7-496F-42AF-86E0-7C3CDD1219FE}.Release|x64.Build.0 = Release|x64
		{82E257E7-496F-42AF-86E0-7C3CDD1219FE}.Release|x86.ActiveCfg = Release|Win32
		{82E257E7-496F-42AF-86E0-7C3CDD1219FE}.Release|x86.Build.0 = Release|Win32
	EndGlobalSection
	GlobalSection(SolutionProperties) = preSolution
		HideSolutionNode = FALSE
	EndGlobalSection
	GlobalSection(ExtensibilityGlobals) = postSolution
		SolutionGuid = {B9D88373-C4A6-4BE0-BB62-DB7BD876D3B3}
	EndGlobalSection
EndGlobal
